
Microsoft Visual Studio Solution File, Format Version 12.00
# Visual Studio 15
VisualStudioVersion = 15.0.28307.168
MinimumVisualStudioVersion = 10.0.40219.1
Project("{FAE04EC0-301F-11D3-BF4B-00C04F79EFBC}") = "COP", "COP\COP.csproj", "{FE57E66D-3E60-493A-B137-E091C0ACAB42}"
EndProject
Global
	GlobalSection(SolutionConfigurationPlatforms) = preSolution
		Debug|Any CPU = Debug|Any CPU
		Release|Any CPU = Release|Any CPU
	EndGlobalSection
	GlobalSection(ProjectConfigurationPlatforms) = postSolution
		{FE57E66D-3E60-493A-B137-E091C0ACAB42}.Debug|Any CPU.ActiveCfg = Debug|Any CPU
		{FE57E66D-3E60-493A-B137-E091C0ACAB42}.Debug|Any CPU.Build.0 = Debug|Any CPU
		{FE57E66D-3E60-493A-B137-E091C0ACAB42}.Release|Any CPU.ActiveCfg = Release|Any CPU
		{FE57E66D-3E60-493A-B137-E091C0ACAB42}.Release|Any CPU.Build.0 = Release|Any CPU
	EndGlobalSection
	GlobalSection(SolutionProperties) = preSolution
		HideSolutionNode = FALSE
	EndGlobalSection
	GlobalSection(ExtensibilityGlobals) = postSolution
		SolutionGuid = {176033DC-897F-42E7-9310-7F47485DEA1F}
	EndGlobalSection
EndGlobal
