
Microsoft Visual Studio Solution File, Format Version 12.00
# Visual Studio 15
VisualStudioVersion = 15.0.28307.539
MinimumVisualStudioVersion = 10.0.40219.1
Project("{FAE04EC0-301F-11D3-BF4B-00C04F79EFBC}") = "Look On Corner", "Look On Corner\Look On Corner.csproj", "{D31EE36A-18EC-4D05-A6EC-019FBE372F78}"
EndProject
Global
	GlobalSection(SolutionConfigurationPlatforms) = preSolution
		Debug|Any CPU = Debug|Any CPU
		Release|Any CPU = Release|Any CPU
	EndGlobalSection
	GlobalSection(ProjectConfigurationPlatforms) = postSolution
		{D31EE36A-18EC-4D05-A6EC-019FBE372F78}.Debug|Any CPU.ActiveCfg = Debug|Any CPU
		{D31EE36A-18EC-4D05-A6EC-019FBE372F78}.Debug|Any CPU.Build.0 = Debug|Any CPU
		{D31EE36A-18EC-4D05-A6EC-019FBE372F78}.Release|Any CPU.ActiveCfg = Release|Any CPU
		{D31EE36A-18EC-4D05-A6EC-019FBE372F78}.Release|Any CPU.Build.0 = Release|Any CPU
	EndGlobalSection
	GlobalSection(SolutionProperties) = preSolution
		HideSolutionNode = FALSE
	EndGlobalSection
	GlobalSection(ExtensibilityGlobals) = postSolution
		SolutionGuid = {A65CED9C-BD23-43B9-9BD7-0CA4ECFC8A4A}
	EndGlobalSection
EndGlobal
